
Microsoft Visual Studio Solution File, Format Version 12.00
# Visual Studio Version 16
VisualStudioVersion = 16.0.29806.167
MinimumVisualStudioVersion = 10.0.40219.1
Project("{2150E333-8FDC-42A3-9474-1A3956D46DE8}") = "00. BASE", "00. BASE", "{A21F8681-BAD1-4051-BA21-7F5E330DD395}"
EndProject
Project("{2150E333-8FDC-42A3-9474-1A3956D46DE8}") = "01. ENGINE", "01. ENGINE", "{0AE64180-497A-4E3A-8337-BBD949676F99}"
EndProject
Project("{8BC9CEB8-8B4A-11D0-8D11-00A0C91BC942}") = "KDXEngine", "KDXEngine\KDXEngine.vcxproj", "{B3C42346-F40C-4912-B430-38A6DBB15CCB}"
	ProjectSection(ProjectDependencies) = postProject
		{78222F62-E669-45AE-90BB-9358FA755438} = {78222F62-E669-45AE-90BB-9358FA755438}
		{371B9FA9-4C90-4AC6-A123-ACED756D6C77} = {371B9FA9-4C90-4AC6-A123-ACED756D6C77}
	EndProjectSection
EndProject
Project("{2150E333-8FDC-42A3-9474-1A3956D46DE8}") = "02. CLIENT", "02. CLIENT", "{EAC20F12-F5EE-47B4-B22E-931478C7E0A8}"
EndProject
Project("{8BC9CEB8-8B4A-11D0-8D11-00A0C91BC942}") = "KClient", "KClient\KClient.vcxproj", "{910E0206-8DDC-48D5-AE38-CCBD6570220F}"
	ProjectSection(ProjectDependencies) = postProject
		{F340CE3C-DC68-41A3-A074-C0B1C42D4F9D} = {F340CE3C-DC68-41A3-A074-C0B1C42D4F9D}
		{B3C42346-F40C-4912-B430-38A6DBB15CCB} = {B3C42346-F40C-4912-B430-38A6DBB15CCB}
		{78222F62-E669-45AE-90BB-9358FA755438} = {78222F62-E669-45AE-90BB-9358FA755438}
		{371B9FA9-4C90-4AC6-A123-ACED756D6C77} = {371B9FA9-4C90-4AC6-A123-ACED756D6C77}
	EndProjectSection
EndProject
Project("{8BC9CEB8-8B4A-11D0-8D11-00A0C91BC942}") = "KEngineBase", "KEngineBase\KEngineBase.vcxproj", "{78222F62-E669-45AE-90BB-9358FA755438}"
EndProject
Project("{8BC9CEB8-8B4A-11D0-8D11-00A0C91BC942}") = "KDXLogic", "KDXLogic\KDXLogic.vcxproj", "{F340CE3C-DC68-41A3-A074-C0B1C42D4F9D}"
	ProjectSection(ProjectDependencies) = postProject
		{B3C42346-F40C-4912-B430-38A6DBB15CCB} = {B3C42346-F40C-4912-B430-38A6DBB15CCB}
		{78222F62-E669-45AE-90BB-9358FA755438} = {78222F62-E669-45AE-90BB-9358FA755438}
	EndProjectSection
EndProject
Project("{2150E333-8FDC-42A3-9474-1A3956D46DE8}") = "99. TP", "99. TP", "{5E97A543-65E6-49C3-93E9-28771C8E7043}"
EndProject
Project("{8BC9CEB8-8B4A-11D0-8D11-00A0C91BC942}") = "DirectXTex", "TP\DirectXTex-master\DirectXTex\DirectXTex_Desktop_2019_Win10.vcxproj", "{371B9FA9-4C90-4AC6-A123-ACED756D6C77}"
EndProject
Project("{8BC9CEB8-8B4A-11D0-8D11-00A0C91BC942}") = "Shader", "RES\Shader\Shader.vcxproj", "{DF329DD9-443B-4BBB-8F51-88F6BB3FFEE4}"
EndProject
Project("{8BC9CEB8-8B4A-11D0-8D11-00A0C91BC942}") = "FW1FontWrapper", "TP\FW1FontWrapper-master\FW1FontWrapper\FW1FontWrapper.vcxproj", "{9F62DB07-EA42-4388-82AB-E6FAA371F353}"
EndProject
Project("{2150E333-8FDC-42A3-9474-1A3956D46DE8}") = "03. Tool", "03. Tool", "{41700FF6-28D0-4DA5-B5A3-619AEB48B4E0}"
EndProject
Global
	GlobalSection(SolutionConfigurationPlatforms) = preSolution
		Debug|ARM64 = Debug|ARM64
		Debug|x64 = Debug|x64
		Debug|x86 = Debug|x86
		Profile|ARM64 = Profile|ARM64
		Profile|x64 = Profile|x64
		Profile|x86 = Profile|x86
		Release|ARM64 = Release|ARM64
		Release|x64 = Release|x64
		Release|x86 = Release|x86
	EndGlobalSection
	GlobalSection(ProjectConfigurationPlatforms) = postSolution
		{B3C42346-F40C-4912-B430-38A6DBB15CCB}.Debug|ARM64.ActiveCfg = Debug|Win32
		{B3C42346-F40C-4912-B430-38A6DBB15CCB}.Debug|x64.ActiveCfg = Debug|x64
		{B3C42346-F40C-4912-B430-38A6DBB15CCB}.Debug|x64.Build.0 = Debug|x64
		{B3C42346-F40C-4912-B430-38A6DBB15CCB}.Debug|x86.ActiveCfg = Debug|Win32
		{B3C42346-F40C-4912-B430-38A6DBB15CCB}.Debug|x86.Build.0 = Debug|Win32
		{B3C42346-F40C-4912-B430-38A6DBB15CCB}.Profile|ARM64.ActiveCfg = Release|Win32
		{B3C42346-F40C-4912-B430-38A6DBB15CCB}.Profile|ARM64.Build.0 = Release|Win32
		{B3C42346-F40C-4912-B430-38A6DBB15CCB}.Profile|x64.ActiveCfg = Release|x64
		{B3C42346-F40C-4912-B430-38A6DBB15CCB}.Profile|x64.Build.0 = Release|x64
		{B3C42346-F40C-4912-B430-38A6DBB15CCB}.Profile|x86.ActiveCfg = Release|Win32
		{B3C42346-F40C-4912-B430-38A6DBB15CCB}.Profile|x86.Build.0 = Release|Win32
		{B3C42346-F40C-4912-B430-38A6DBB15CCB}.Release|ARM64.ActiveCfg = Release|Win32
		{B3C42346-F40C-4912-B430-38A6DBB15CCB}.Release|x64.ActiveCfg = Release|x64
		{B3C42346-F40C-4912-B430-38A6DBB15CCB}.Release|x64.Build.0 = Release|x64
		{B3C42346-F40C-4912-B430-38A6DBB15CCB}.Release|x86.ActiveCfg = Release|Win32
		{B3C42346-F40C-4912-B430-38A6DBB15CCB}.Release|x86.Build.0 = Release|Win32
		{910E0206-8DDC-48D5-AE38-CCBD6570220F}.Debug|ARM64.ActiveCfg = Debug|Win32
		{910E0206-8DDC-48D5-AE38-CCBD6570220F}.Debug|x64.ActiveCfg = Debug|x64
		{910E0206-8DDC-48D5-AE38-CCBD6570220F}.Debug|x64.Build.0 = Debug|x64
		{910E0206-8DDC-48D5-AE38-CCBD6570220F}.Debug|x86.ActiveCfg = Debug|Win32
		{910E0206-8DDC-48D5-AE38-CCBD6570220F}.Debug|x86.Build.0 = Debug|Win32
		{910E0206-8DDC-48D5-AE38-CCBD6570220F}.Profile|ARM64.ActiveCfg = Release|Win32
		{910E0206-8DDC-48D5-AE38-CCBD6570220F}.Profile|ARM64.Build.0 = Release|Win32
		{910E0206-8DDC-48D5-AE38-CCBD6570220F}.Profile|x64.ActiveCfg = Release|x64
		{910E0206-8DDC-48D5-AE38-CCBD6570220F}.Profile|x64.Build.0 = Release|x64
		{910E0206-8DDC-48D5-AE38-CCBD6570220F}.Profile|x86.ActiveCfg = Release|Win32
		{910E0206-8DDC-48D5-AE38-CCBD6570220F}.Profile|x86.Build.0 = Release|Win32
		{910E0206-8DDC-48D5-AE38-CCBD6570220F}.Release|ARM64.ActiveCfg = Release|Win32
		{910E0206-8DDC-48D5-AE38-CCBD6570220F}.Release|x64.ActiveCfg = Release|x64
		{910E0206-8DDC-48D5-AE38-CCBD6570220F}.Release|x64.Build.0 = Release|x64
		{910E0206-8DDC-48D5-AE38-CCBD6570220F}.Release|x86.ActiveCfg = Release|Win32
		{910E0206-8DDC-48D5-AE38-CCBD6570220F}.Release|x86.Build.0 = Release|Win32
		{78222F62-E669-45AE-90BB-9358FA755438}.Debug|ARM64.ActiveCfg = Debug|Win32
		{78222F62-E669-45AE-90BB-9358FA755438}.Debug|x64.ActiveCfg = Debug|x64
		{78222F62-E669-45AE-90BB-9358FA755438}.Debug|x64.Build.0 = Debug|x64
		{78222F62-E669-45AE-90BB-9358FA755438}.Debug|x86.ActiveCfg = Debug|Win32
		{78222F62-E669-45AE-90BB-9358FA755438}.Debug|x86.Build.0 = Debug|Win32
		{78222F62-E669-45AE-90BB-9358FA755438}.Profile|ARM64.ActiveCfg = Release|Win32
		{78222F62-E669-45AE-90BB-9358FA755438}.Profile|ARM64.Build.0 = Release|Win32
		{78222F62-E669-45AE-90BB-9358FA755438}.Profile|x64.ActiveCfg = Release|x64
		{78222F62-E669-45AE-90BB-9358FA755438}.Profile|x64.Build.0 = Release|x64
		{78222F62-E669-45AE-90BB-9358FA755438}.Profile|x86.ActiveCfg = Release|Win32
		{78222F62-E669-45AE-90BB-9358FA755438}.Profile|x86.Build.0 = Release|Win32
		{78222F62-E669-45AE-90BB-9358FA755438}.Release|ARM64.ActiveCfg = Release|Win32
		{78222F62-E669-45AE-90BB-9358FA755438}.Release|x64.ActiveCfg = Release|x64
		{78222F62-E669-45AE-90BB-9358FA755438}.Release|x64.Build.0 = Release|x64
		{78222F62-E669-45AE-90BB-9358FA755438}.Release|x86.ActiveCfg = Release|Win32
		{78222F62-E669-45AE-90BB-9358FA755438}.Release|x86.Build.0 = Release|Win32
		{F340CE3C-DC68-41A3-A074-C0B1C42D4F9D}.Debug|ARM64.ActiveCfg = Debug|Win32
		{F340CE3C-DC68-41A3-A074-C0B1C42D4F9D}.Debug|x64.ActiveCfg = Debug|x64
		{F340CE3C-DC68-41A3-A074-C0B1C42D4F9D}.Debug|x64.Build.0 = Debug|x64
		{F340CE3C-DC68-41A3-A074-C0B1C42D4F9D}.Debug|x86.ActiveCfg = Debug|Win32
		{F340CE3C-DC68-41A3-A074-C0B1C42D4F9D}.Debug|x86.Build.0 = Debug|Win32
		{F340CE3C-DC68-41A3-A074-C0B1C42D4F9D}.Profile|ARM64.ActiveCfg = Release|Win32
		{F340CE3C-DC68-41A3-A074-C0B1C42D4F9D}.Profile|ARM64.Build.0 = Release|Win32
		{F340CE3C-DC68-41A3-A074-C0B1C42D4F9D}.Profile|x64.ActiveCfg = Release|x64
		{F340CE3C-DC68-41A3-A074-C0B1C42D4F9D}.Profile|x64.Build.0 = Release|x64
		{F340CE3C-DC68-41A3-A074-C0B1C42D4F9D}.Profile|x86.ActiveCfg = Release|Win32
		{F340CE3C-DC68-41A3-A074-C0B1C42D4F9D}.Profile|x86.Build.0 = Release|Win32
		{F340CE3C-DC68-41A3-A074-C0B1C42D4F9D}.Release|ARM64.ActiveCfg = Release|Win32
		{F340CE3C-DC68-41A3-A074-C0B1C42D4F9D}.Release|x64.ActiveCfg = Release|x64
		{F340CE3C-DC68-41A3-A074-C0B1C42D4F9D}.Release|x64.Build.0 = Release|x64
		{F340CE3C-DC68-41A3-A074-C0B1C42D4F9D}.Release|x86.ActiveCfg = Release|Win32
		{F340CE3C-DC68-41A3-A074-C0B1C42D4F9D}.Release|x86.Build.0 = Release|Win32
		{371B9FA9-4C90-4AC6-A123-ACED756D6C77}.Debug|ARM64.ActiveCfg = Debug|ARM64
		{371B9FA9-4C90-4AC6-A123-ACED756D6C77}.Debug|ARM64.Build.0 = Debug|ARM64
		{371B9FA9-4C90-4AC6-A123-ACED756D6C77}.Debug|x64.ActiveCfg = Debug|x64
		{371B9FA9-4C90-4AC6-A123-ACED756D6C77}.Debug|x64.Build.0 = Debug|x64
		{371B9FA9-4C90-4AC6-A123-ACED756D6C77}.Debug|x86.ActiveCfg = Debug|Win32
		{371B9FA9-4C90-4AC6-A123-ACED756D6C77}.Debug|x86.Build.0 = Debug|Win32
		{371B9FA9-4C90-4AC6-A123-ACED756D6C77}.Profile|ARM64.ActiveCfg = Profile|ARM64
		{371B9FA9-4C90-4AC6-A123-ACED756D6C77}.Profile|ARM64.Build.0 = Profile|ARM64
		{371B9FA9-4C90-4AC6-A123-ACED756D6C77}.Profile|x64.ActiveCfg = Profile|x64
		{371B9FA9-4C90-4AC6-A123-ACED756D6C77}.Profile|x64.Build.0 = Profile|x64
		{371B9FA9-4C90-4AC6-A123-ACED756D6C77}.Profile|x86.ActiveCfg = Profile|Win32
		{371B9FA9-4C90-4AC6-A123-ACED756D6C77}.Profile|x86.Build.0 = Profile|Win32
		{371B9FA9-4C90-4AC6-A123-ACED756D6C77}.Release|ARM64.ActiveCfg = Release|ARM64
		{371B9FA9-4C90-4AC6-A123-ACED756D6C77}.Release|ARM64.Build.0 = Release|ARM64
		{371B9FA9-4C90-4AC6-A123-ACED756D6C77}.Release|x64.ActiveCfg = Release|x64
		{371B9FA9-4C90-4AC6-A123-ACED756D6C77}.Release|x64.Build.0 = Release|x64
		{371B9FA9-4C90-4AC6-A123-ACED756D6C77}.Release|x86.ActiveCfg = Release|Win32
		{371B9FA9-4C90-4AC6-A123-ACED756D6C77}.Release|x86.Build.0 = Release|Win32
		{DF329DD9-443B-4BBB-8F51-88F6BB3FFEE4}.Debug|ARM64.ActiveCfg = Debug|Win32
		{DF329DD9-443B-4BBB-8F51-88F6BB3FFEE4}.Debug|x64.ActiveCfg = Debug|x64
		{DF329DD9-443B-4BBB-8F51-88F6BB3FFEE4}.Debug|x64.Build.0 = Debug|x64
		{DF329DD9-443B-4BBB-8F51-88F6BB3FFEE4}.Debug|x86.ActiveCfg = Debug|Win32
		{DF329DD9-443B-4BBB-8F51-88F6BB3FFEE4}.Debug|x86.Build.0 = Debug|Win32
		{DF329DD9-443B-4BBB-8F51-88F6BB3FFEE4}.Profile|ARM64.ActiveCfg = Release|x64
		{DF329DD9-443B-4BBB-8F51-88F6BB3FFEE4}.Profile|ARM64.Build.0 = Release|x64
		{DF329DD9-443B-4BBB-8F51-88F6BB3FFEE4}.Profile|x64.ActiveCfg = Release|x64
		{DF329DD9-443B-4BBB-8F51-88F6BB3FFEE4}.Profile|x64.Build.0 = Release|x64
		{DF329DD9-443B-4BBB-8F51-88F6BB3FFEE4}.Profile|x86.ActiveCfg = Release|Win32
		{DF329DD9-443B-4BBB-8F51-88F6BB3FFEE4}.Profile|x86.Build.0 = Release|Win32
		{DF329DD9-443B-4BBB-8F51-88F6BB3FFEE4}.Release|ARM64.ActiveCfg = Release|Win32
		{DF329DD9-443B-4BBB-8F51-88F6BB3FFEE4}.Release|x64.ActiveCfg = Release|x64
		{DF329DD9-443B-4BBB-8F51-88F6BB3FFEE4}.Release|x64.Build.0 = Release|x64
		{DF329DD9-443B-4BBB-8F51-88F6BB3FFEE4}.Release|x86.ActiveCfg = Release|Win32
		{DF329DD9-443B-4BBB-8F51-88F6BB3FFEE4}.Release|x86.Build.0 = Release|Win32
		{9F62DB07-EA42-4388-82AB-E6FAA371F353}.Debug|ARM64.ActiveCfg = Debug|Win32
		{9F62DB07-EA42-4388-82AB-E6FAA371F353}.Debug|x64.ActiveCfg = Debug|x64
		{9F62DB07-EA42-4388-82AB-E6FAA371F353}.Debug|x64.Build.0 = Debug|x64
		{9F62DB07-EA42-4388-82AB-E6FAA371F353}.Debug|x86.ActiveCfg = Debug|Win32
		{9F62DB07-EA42-4388-82AB-E6FAA371F353}.Debug|x86.Build.0 = Debug|Win32
		{9F62DB07-EA42-4388-82AB-E6FAA371F353}.Profile|ARM64.ActiveCfg = Release|x64
		{9F62DB07-EA42-4388-82AB-E6FAA371F353}.Profile|ARM64.Build.0 = Release|x64
		{9F62DB07-EA42-4388-82AB-E6FAA371F353}.Profile|x64.ActiveCfg = Release|x64
		{9F62DB07-EA42-4388-82AB-E6FAA371F353}.Profile|x64.Build.0 = Release|x64
		{9F62DB07-EA42-4388-82AB-E6FAA371F353}.Profile|x86.ActiveCfg = Release|Win32
		{9F62DB07-EA42-4388-82AB-E6FAA371F353}.Profile|x86.Build.0 = Release|Win32
		{9F62DB07-EA42-4388-82AB-E6FAA371F353}.Release|ARM64.ActiveCfg = Release|Win32
		{9F62DB07-EA42-4388-82AB-E6FAA371F353}.Release|x64.ActiveCfg = Release|x64
		{9F62DB07-EA42-4388-82AB-E6FAA371F353}.Release|x64.Build.0 = Release|x64
		{9F62DB07-EA42-4388-82AB-E6FAA371F353}.Release|x86.ActiveCfg = Release|Win32
		{9F62DB07-EA42-4388-82AB-E6FAA371F353}.Release|x86.Build.0 = Release|Win32
	EndGlobalSection
	GlobalSection(SolutionProperties) = preSolution
		HideSolutionNode = FALSE
	EndGlobalSection
	GlobalSection(NestedProjects) = preSolution
		{B3C42346-F40C-4912-B430-38A6DBB15CCB} = {0AE64180-497A-4E3A-8337-BBD949676F99}
		{910E0206-8DDC-48D5-AE38-CCBD6570220F} = {EAC20F12-F5EE-47B4-B22E-931478C7E0A8}
		{78222F62-E669-45AE-90BB-9358FA755438} = {A21F8681-BAD1-4051-BA21-7F5E330DD395}
		{F340CE3C-DC68-41A3-A074-C0B1C42D4F9D} = {0AE64180-497A-4E3A-8337-BBD949676F99}
		{371B9FA9-4C90-4AC6-A123-ACED756D6C77} = {5E97A543-65E6-49C3-93E9-28771C8E7043}
		{DF329DD9-443B-4BBB-8F51-88F6BB3FFEE4} = {0AE64180-497A-4E3A-8337-BBD949676F99}
		{9F62DB07-EA42-4388-82AB-E6FAA371F353} = {5E97A543-65E6-49C3-93E9-28771C8E7043}
	EndGlobalSection
	GlobalSection(ExtensibilityGlobals) = postSolution
		SolutionGuid = {28FC031B-2ED0-4E7A-BA1E-2890A0CC8EEE}
	EndGlobalSection
EndGlobal
