<?xml version="1.0" encoding="utf-8"?>
<Project ToolsVersion="4.0" xmlns="http://schemas.microsoft.com/developer/msbuild/2003">
  <ItemGroup>
    <Filter Include="리소스 파일">
      <UniqueIdentifier>{67DA6AB6-F800-4c08-8B7A-83BB121AAD01}</UniqueIdentifier>
      <Extensions>rc;ico;cur;bmp;dlg;rc2;rct;bin;rgs;gif;jpg;jpeg;jpe;resx;tiff;tif;png;wav;mfcribbon-ms</Extensions>
    </Filter>
    <Filter Include="States">
      <UniqueIdentifier>{7827e553-38ef-44a9-b260-7eb0818e2249}</UniqueIdentifier>
    </Filter>
  </ItemGroup>
  <ItemGroup>
    <ClCompile Include="MainFile.cpp" />
    <ClCompile Include="TitleCom.cpp">
      <Filter>States</Filter>
    </ClCompile>
    <ClCompile Include="TestComponent.cpp">
      <Filter>States</Filter>
    </ClCompile>
  </ItemGroup>
  <ItemGroup>
    <ClInclude Include="TitleCom.h">
      <Filter>States</Filter>
    </ClInclude>
    <ClInclude Include="TestComponent.h">
      <Filter>States</Filter>
    </ClInclude>
  </ItemGroup>
</Project>